
Microsoft Visual Studio Solution File, Format Version 12.00
# Visual Studio 15
VisualStudioVersion = 15.0.27130.2020
MinimumVisualStudioVersion = 10.0.40219.1
Project("{9A19103F-16F7-4668-BE54-9A1E7A4F7556}") = "WebMarket.WebAPI", "WebMarket.WebAPI\WebMarket.WebAPI.csproj", "{DC7D9E1F-0ED1-4C7A-8F78-3B71124EBFE3}"
EndProject
Project("{9A19103F-16F7-4668-BE54-9A1E7A4F7556}") = "WebMarket.BL", "WebMarket.BL\WebMarket.BL.csproj", "{6C3266F6-6E1F-4E55-9C63-1AA41FAE913D}"
EndProject
Project("{9A19103F-16F7-4668-BE54-9A1E7A4F7556}") = "WebMarket.EF", "WebMarket.EF\WebMarket.EF.csproj", "{DE251AFC-45DE-443A-A229-E3A108C15C24}"
EndProject
Project("{9A19103F-16F7-4668-BE54-9A1E7A4F7556}") = "WebMarket.DTO", "WebMarket.DTO\WebMarket.DTO.csproj", "{5E609332-27EB-4AF0-B91B-084F86553DAD}"
EndProject
Project("{9A19103F-16F7-4668-BE54-9A1E7A4F7556}") = "WebMarket.Angular", "WebMarket.Angular\WebMarket.Angular.csproj", "{C379481B-2208-40F5-9370-1BF6341DC746}"
EndProject
Project("{9A19103F-16F7-4668-BE54-9A1E7A4F7556}") = "WebMarket.DAL", "WebMarket.DAL\WebMarket.DAL.csproj", "{E2B006FE-0AE1-447A-8894-1BC7FDB4CD00}"
EndProject
Project("{9A19103F-16F7-4668-BE54-9A1E7A4F7556}") = "WebMarket.Web", "WebMarket.Web\WebMarket.Web.csproj", "{F9729FED-C9E6-4D4D-BBC1-B34CAF79B0F8}"
EndProject
Project("{9A19103F-16F7-4668-BE54-9A1E7A4F7556}") = "WebMarket.Common", "WebMarket.Common\WebMarket.Common.csproj", "{B593BA0A-C761-4C24-94C6-07AF2C3BE2DC}"
EndProject
Project("{9A19103F-16F7-4668-BE54-9A1E7A4F7556}") = "WebMarket.DbConfig", "WebMarket.DbConfig\WebMarket.DbConfig.csproj", "{2E180923-498D-45E1-BBE4-28391AE97C6D}"
EndProject
Project("{2150E333-8FDC-42A3-9474-1A3956D46DE8}") = "temp", "temp", "{D94D1634-BCDD-4892-B418-9CAF86144DBD}"
EndProject
Global
	GlobalSection(SolutionConfigurationPlatforms) = preSolution
		Debug|Any CPU = Debug|Any CPU
		Release|Any CPU = Release|Any CPU
	EndGlobalSection
	GlobalSection(ProjectConfigurationPlatforms) = postSolution
		{DC7D9E1F-0ED1-4C7A-8F78-3B71124EBFE3}.Debug|Any CPU.ActiveCfg = Debug|Any CPU
		{DC7D9E1F-0ED1-4C7A-8F78-3B71124EBFE3}.Debug|Any CPU.Build.0 = Debug|Any CPU
		{DC7D9E1F-0ED1-4C7A-8F78-3B71124EBFE3}.Release|Any CPU.ActiveCfg = Release|Any CPU
		{DC7D9E1F-0ED1-4C7A-8F78-3B71124EBFE3}.Release|Any CPU.Build.0 = Release|Any CPU
		{6C3266F6-6E1F-4E55-9C63-1AA41FAE913D}.Debug|Any CPU.ActiveCfg = Debug|Any CPU
		{6C3266F6-6E1F-4E55-9C63-1AA41FAE913D}.Debug|Any CPU.Build.0 = Debug|Any CPU
		{6C3266F6-6E1F-4E55-9C63-1AA41FAE913D}.Release|Any CPU.ActiveCfg = Release|Any CPU
		{6C3266F6-6E1F-4E55-9C63-1AA41FAE913D}.Release|Any CPU.Build.0 = Release|Any CPU
		{DE251AFC-45DE-443A-A229-E3A108C15C24}.Debug|Any CPU.ActiveCfg = Debug|Any CPU
		{DE251AFC-45DE-443A-A229-E3A108C15C24}.Debug|Any CPU.Build.0 = Debug|Any CPU
		{DE251AFC-45DE-443A-A229-E3A108C15C24}.Release|Any CPU.ActiveCfg = Release|Any CPU
		{DE251AFC-45DE-443A-A229-E3A108C15C24}.Release|Any CPU.Build.0 = Release|Any CPU
		{5E609332-27EB-4AF0-B91B-084F86553DAD}.Debug|Any CPU.ActiveCfg = Debug|Any CPU
		{5E609332-27EB-4AF0-B91B-084F86553DAD}.Debug|Any CPU.Build.0 = Debug|Any CPU
		{5E609332-27EB-4AF0-B91B-084F86553DAD}.Release|Any CPU.ActiveCfg = Release|Any CPU
		{5E609332-27EB-4AF0-B91B-084F86553DAD}.Release|Any CPU.Build.0 = Release|Any CPU
		{C379481B-2208-40F5-9370-1BF6341DC746}.Debug|Any CPU.ActiveCfg = Debug|Any CPU
		{C379481B-2208-40F5-9370-1BF6341DC746}.Debug|Any CPU.Build.0 = Debug|Any CPU
		{C379481B-2208-40F5-9370-1BF6341DC746}.Release|Any CPU.ActiveCfg = Release|Any CPU
		{C379481B-2208-40F5-9370-1BF6341DC746}.Release|Any CPU.Build.0 = Release|Any CPU
		{E2B006FE-0AE1-447A-8894-1BC7FDB4CD00}.Debug|Any CPU.ActiveCfg = Debug|Any CPU
		{E2B006FE-0AE1-447A-8894-1BC7FDB4CD00}.Debug|Any CPU.Build.0 = Debug|Any CPU
		{E2B006FE-0AE1-447A-8894-1BC7FDB4CD00}.Release|Any CPU.ActiveCfg = Release|Any CPU
		{E2B006FE-0AE1-447A-8894-1BC7FDB4CD00}.Release|Any CPU.Build.0 = Release|Any CPU
		{F9729FED-C9E6-4D4D-BBC1-B34CAF79B0F8}.Debug|Any CPU.ActiveCfg = Debug|Any CPU
		{F9729FED-C9E6-4D4D-BBC1-B34CAF79B0F8}.Debug|Any CPU.Build.0 = Debug|Any CPU
		{F9729FED-C9E6-4D4D-BBC1-B34CAF79B0F8}.Release|Any CPU.ActiveCfg = Release|Any CPU
		{F9729FED-C9E6-4D4D-BBC1-B34CAF79B0F8}.Release|Any CPU.Build.0 = Release|Any CPU
		{B593BA0A-C761-4C24-94C6-07AF2C3BE2DC}.Debug|Any CPU.ActiveCfg = Debug|Any CPU
		{B593BA0A-C761-4C24-94C6-07AF2C3BE2DC}.Debug|Any CPU.Build.0 = Debug|Any CPU
		{B593BA0A-C761-4C24-94C6-07AF2C3BE2DC}.Release|Any CPU.ActiveCfg = Release|Any CPU
		{B593BA0A-C761-4C24-94C6-07AF2C3BE2DC}.Release|Any CPU.Build.0 = Release|Any CPU
		{2E180923-498D-45E1-BBE4-28391AE97C6D}.Debug|Any CPU.ActiveCfg = Debug|Any CPU
		{2E180923-498D-45E1-BBE4-28391AE97C6D}.Debug|Any CPU.Build.0 = Debug|Any CPU
		{2E180923-498D-45E1-BBE4-28391AE97C6D}.Release|Any CPU.ActiveCfg = Release|Any CPU
		{2E180923-498D-45E1-BBE4-28391AE97C6D}.Release|Any CPU.Build.0 = Release|Any CPU
	EndGlobalSection
	GlobalSection(SolutionProperties) = preSolution
		HideSolutionNode = FALSE
	EndGlobalSection
	GlobalSection(NestedProjects) = preSolution
		{2E180923-498D-45E1-BBE4-28391AE97C6D} = {D94D1634-BCDD-4892-B418-9CAF86144DBD}
	EndGlobalSection
	GlobalSection(ExtensibilityGlobals) = postSolution
		SolutionGuid = {969362B3-1496-49BA-BCC5-DB713D5BE2CA}
	EndGlobalSection
EndGlobal
