
Microsoft Visual Studio Solution File, Format Version 12.00
# Visual Studio 15
VisualStudioVersion = 15.0.27004.2009
MinimumVisualStudioVersion = 10.0.40219.1
Project("{FAE04EC0-301F-11D3-BF4B-00C04F79EFBC}") = "WebMarket.WebAPI", "WebMarket.WebAPI\WebMarket.WebAPI.csproj", "{DC7D9E1F-0ED1-4C7A-8F78-3B71124EBFE3}"
EndProject
Global
	GlobalSection(SolutionConfigurationPlatforms) = preSolution
		Debug|Any CPU = Debug|Any CPU
		Release|Any CPU = Release|Any CPU
	EndGlobalSection
	GlobalSection(ProjectConfigurationPlatforms) = postSolution
		{DC7D9E1F-0ED1-4C7A-8F78-3B71124EBFE3}.Debug|Any CPU.ActiveCfg = Debug|Any CPU
		{DC7D9E1F-0ED1-4C7A-8F78-3B71124EBFE3}.Debug|Any CPU.Build.0 = Debug|Any CPU
		{DC7D9E1F-0ED1-4C7A-8F78-3B71124EBFE3}.Release|Any CPU.ActiveCfg = Release|Any CPU
		{DC7D9E1F-0ED1-4C7A-8F78-3B71124EBFE3}.Release|Any CPU.Build.0 = Release|Any CPU
	EndGlobalSection
	GlobalSection(SolutionProperties) = preSolution
		HideSolutionNode = FALSE
	EndGlobalSection
	GlobalSection(ExtensibilityGlobals) = postSolution
		SolutionGuid = {969362B3-1496-49BA-BCC5-DB713D5BE2CA}
	EndGlobalSection
EndGlobal
